
Microsoft Visual Studio Solution File, Format Version 12.00
# Visual Studio Version 16
VisualStudioVersion = 16.0.30907.101
MinimumVisualStudioVersion = 10.0.40219.1
Project("{FAE04EC0-301F-11D3-BF4B-00C04F79EFBC}") = "DllLibrary", "DllLibrary\DllLibrary.csproj", "{6AFA4E91-5E41-4009-A584-8442392D134D}"
EndProject
Global
	GlobalSection(SolutionConfigurationPlatforms) = preSolution
		Debug|Any CPU = Debug|Any CPU
		Release|Any CPU = Release|Any CPU
	EndGlobalSection
	GlobalSection(ProjectConfigurationPlatforms) = postSolution
		{6AFA4E91-5E41-4009-A584-8442392D134D}.Debug|Any CPU.ActiveCfg = Debug|Any CPU
		{6AFA4E91-5E41-4009-A584-8442392D134D}.Debug|Any CPU.Build.0 = Debug|Any CPU
		{6AFA4E91-5E41-4009-A584-8442392D134D}.Release|Any CPU.ActiveCfg = Release|Any CPU
		{6AFA4E91-5E41-4009-A584-8442392D134D}.Release|Any CPU.Build.0 = Release|Any CPU
	EndGlobalSection
	GlobalSection(SolutionProperties) = preSolution
		HideSolutionNode = FALSE
	EndGlobalSection
	GlobalSection(ExtensibilityGlobals) = postSolution
		SolutionGuid = {E2C859F8-C400-48C2-B258-F78DE8EDA0CB}
	EndGlobalSection
EndGlobal
